// !$*UTF8*$!
{
	archiveVersion = 1;
	classes = {
	};
	objectVersion = 46;
	objects = {

/* Begin PBXBuildFile section */
		4743BBDA23A799F400C838F1 /* SwiftModule.swift in Sources */ = {isa = PBXBuildFile; fileRef = 4743BBD923A799F400C838F1 /* SwiftModule.swift */; };
		4743BBDC23A79ABB00C838F1 /* SwiftModule.m in Sources */ = {isa = PBXBuildFile; fileRef = 4743BBDB23A79ABB00C838F1 /* SwiftModule.m */; };
		47AAB73F239E97B90041E986 /* RNInputKit.m in Sources */ = {isa = PBXBuildFile; fileRef = 47AAB73E239E97B90041E986 /* RNInputKit.m */; };
		47EF2E6B23A8CFD600EF08D1 /* Constants.swift in Sources */ = {isa = PBXBuildFile; fileRef = 47EF2E5423A8CFD600EF08D1 /* Constants.swift */; };
		47EF2E6C23A8CFD600EF08D1 /* InputKitConstants.swift in Sources */ = {isa = PBXBuildFile; fileRef = 47EF2E5523A8CFD600EF08D1 /* InputKitConstants.swift */; };
		47EF2E6D23A8CFD600EF08D1 /* EventHandlerBridge.m in Sources */ = {isa = PBXBuildFile; fileRef = 47EF2E5723A8CFD600EF08D1 /* EventHandlerBridge.m */; };
		47EF2E6E23A8CFD600EF08D1 /* Event.swift in Sources */ = {isa = PBXBuildFile; fileRef = 47EF2E5823A8CFD600EF08D1 /* Event.swift */; };
		47EF2E6F23A8CFD600EF08D1 /* ShortCodeGenerator.swift in Sources */ = {isa = PBXBuildFile; fileRef = 47EF2E5923A8CFD600EF08D1 /* ShortCodeGenerator.swift */; };
		47EF2E7023A8CFD600EF08D1 /* EventHandlerBridge.swift in Sources */ = {isa = PBXBuildFile; fileRef = 47EF2E5A23A8CFD600EF08D1 /* EventHandlerBridge.swift */; };
		47EF2E7123A8CFD600EF08D1 /* HealthBridge.swift in Sources */ = {isa = PBXBuildFile; fileRef = 47EF2E5C23A8CFD600EF08D1 /* HealthBridge.swift */; };
		47EF2E7223A8CFD600EF08D1 /* HealthBridge+Helper.swift in Sources */ = {isa = PBXBuildFile; fileRef = 47EF2E5D23A8CFD600EF08D1 /* HealthBridge+Helper.swift */; };
		47EF2E7323A8CFD600EF08D1 /* HealthBridge+Query.swift in Sources */ = {isa = PBXBuildFile; fileRef = 47EF2E5E23A8CFD600EF08D1 /* HealthBridge+Query.swift */; };
		47EF2E7423A8CFD600EF08D1 /* HealthUtils.swift in Sources */ = {isa = PBXBuildFile; fileRef = 47EF2E5F23A8CFD600EF08D1 /* HealthUtils.swift */; };
		47EF2E7523A8CFD600EF08D1 /* HealthBridge+Background.swift in Sources */ = {isa = PBXBuildFile; fileRef = 47EF2E6023A8CFD600EF08D1 /* HealthBridge+Background.swift */; };
		47EF2E7623A8CFD600EF08D1 /* HealthBridge+Realtime.swift in Sources */ = {isa = PBXBuildFile; fileRef = 47EF2E6123A8CFD600EF08D1 /* HealthBridge+Realtime.swift */; };
		47EF2E7723A8CFD600EF08D1 /* HealthBridge.m in Sources */ = {isa = PBXBuildFile; fileRef = 47EF2E6223A8CFD600EF08D1 /* HealthBridge.m */; };
		47EF2E7823A8CFD600EF08D1 /* Extentions.swift in Sources */ = {isa = PBXBuildFile; fileRef = 47EF2E6423A8CFD600EF08D1 /* Extentions.swift */; };
		47EF2E7923A8CFD600EF08D1 /* Logger.swift in Sources */ = {isa = PBXBuildFile; fileRef = 47EF2E6523A8CFD600EF08D1 /* Logger.swift */; };
		47EF2E7A23A8CFD600EF08D1 /* UtilBridge.m in Sources */ = {isa = PBXBuildFile; fileRef = 47EF2E6623A8CFD600EF08D1 /* UtilBridge.m */; };
		47EF2E7B23A8CFD600EF08D1 /* Utils.swift in Sources */ = {isa = PBXBuildFile; fileRef = 47EF2E6823A8CFD600EF08D1 /* Utils.swift */; };
		47EF2E7C23A8CFD600EF08D1 /* LoggerBridge.m in Sources */ = {isa = PBXBuildFile; fileRef = 47EF2E6923A8CFD600EF08D1 /* LoggerBridge.m */; };
		47EF2E7D23A8CFD600EF08D1 /* NativeLogger.m in Sources */ = {isa = PBXBuildFile; fileRef = 47EF2E6A23A8CFD600EF08D1 /* NativeLogger.m */; };
/* End PBXBuildFile section */

/* Begin PBXCopyFilesBuildPhase section */
		58B511D91A9E6C8500147676 /* CopyFiles */ = {
			isa = PBXCopyFilesBuildPhase;
			buildActionMask = 2147483647;
			dstPath = "include/$(PRODUCT_NAME)";
			dstSubfolderSpec = 16;
			files = (
			);
			runOnlyForDeploymentPostprocessing = 0;
		};
/* End PBXCopyFilesBuildPhase section */

/* Begin PBXFileReference section */
		134814201AA4EA6300B7C361 /* libRNInputKit.a */ = {isa = PBXFileReference; explicitFileType = archive.ar; includeInIndex = 0; path = libRNInputKit.a; sourceTree = BUILT_PRODUCTS_DIR; };
		4743BBD823A799F400C838F1 /* RNInputKit-Bridging-Header.h */ = {isa = PBXFileReference; lastKnownFileType = sourcecode.c.h; path = "RNInputKit-Bridging-Header.h"; sourceTree = "<group>"; };
		4743BBD923A799F400C838F1 /* SwiftModule.swift */ = {isa = PBXFileReference; lastKnownFileType = sourcecode.swift; path = SwiftModule.swift; sourceTree = "<group>"; };
		4743BBDB23A79ABB00C838F1 /* SwiftModule.m */ = {isa = PBXFileReference; lastKnownFileType = sourcecode.c.objc; path = SwiftModule.m; sourceTree = "<group>"; };
		47AAB73D239E97AB0041E986 /* RNInputKit.h */ = {isa = PBXFileReference; lastKnownFileType = sourcecode.c.h; path = RNInputKit.h; sourceTree = "<group>"; };
		47AAB73E239E97B90041E986 /* RNInputKit.m */ = {isa = PBXFileReference; lastKnownFileType = sourcecode.c.objc; path = RNInputKit.m; sourceTree = "<group>"; };
		47EF2E5423A8CFD600EF08D1 /* Constants.swift */ = {isa = PBXFileReference; fileEncoding = 4; lastKnownFileType = sourcecode.swift; path = Constants.swift; sourceTree = "<group>"; };
		47EF2E5523A8CFD600EF08D1 /* InputKitConstants.swift */ = {isa = PBXFileReference; fileEncoding = 4; lastKnownFileType = sourcecode.swift; path = InputKitConstants.swift; sourceTree = "<group>"; };
		47EF2E5723A8CFD600EF08D1 /* EventHandlerBridge.m */ = {isa = PBXFileReference; fileEncoding = 4; lastKnownFileType = sourcecode.c.objc; path = EventHandlerBridge.m; sourceTree = "<group>"; };
		47EF2E5823A8CFD600EF08D1 /* Event.swift */ = {isa = PBXFileReference; fileEncoding = 4; lastKnownFileType = sourcecode.swift; path = Event.swift; sourceTree = "<group>"; };
		47EF2E5923A8CFD600EF08D1 /* ShortCodeGenerator.swift */ = {isa = PBXFileReference; fileEncoding = 4; lastKnownFileType = sourcecode.swift; path = ShortCodeGenerator.swift; sourceTree = "<group>"; };
		47EF2E5A23A8CFD600EF08D1 /* EventHandlerBridge.swift */ = {isa = PBXFileReference; fileEncoding = 4; lastKnownFileType = sourcecode.swift; path = EventHandlerBridge.swift; sourceTree = "<group>"; };
		47EF2E5C23A8CFD600EF08D1 /* HealthBridge.swift */ = {isa = PBXFileReference; fileEncoding = 4; lastKnownFileType = sourcecode.swift; path = HealthBridge.swift; sourceTree = "<group>"; };
		47EF2E5D23A8CFD600EF08D1 /* HealthBridge+Helper.swift */ = {isa = PBXFileReference; fileEncoding = 4; lastKnownFileType = sourcecode.swift; path = "HealthBridge+Helper.swift"; sourceTree = "<group>"; };
		47EF2E5E23A8CFD600EF08D1 /* HealthBridge+Query.swift */ = {isa = PBXFileReference; fileEncoding = 4; lastKnownFileType = sourcecode.swift; path = "HealthBridge+Query.swift"; sourceTree = "<group>"; };
		47EF2E5F23A8CFD600EF08D1 /* HealthUtils.swift */ = {isa = PBXFileReference; fileEncoding = 4; lastKnownFileType = sourcecode.swift; path = HealthUtils.swift; sourceTree = "<group>"; };
		47EF2E6023A8CFD600EF08D1 /* HealthBridge+Background.swift */ = {isa = PBXFileReference; fileEncoding = 4; lastKnownFileType = sourcecode.swift; path = "HealthBridge+Background.swift"; sourceTree = "<group>"; };
		47EF2E6123A8CFD600EF08D1 /* HealthBridge+Realtime.swift */ = {isa = PBXFileReference; fileEncoding = 4; lastKnownFileType = sourcecode.swift; path = "HealthBridge+Realtime.swift"; sourceTree = "<group>"; };
		47EF2E6223A8CFD600EF08D1 /* HealthBridge.m */ = {isa = PBXFileReference; fileEncoding = 4; lastKnownFileType = sourcecode.c.objc; path = HealthBridge.m; sourceTree = "<group>"; };
		47EF2E6423A8CFD600EF08D1 /* Extentions.swift */ = {isa = PBXFileReference; fileEncoding = 4; lastKnownFileType = sourcecode.swift; path = Extentions.swift; sourceTree = "<group>"; };
		47EF2E6523A8CFD600EF08D1 /* Logger.swift */ = {isa = PBXFileReference; fileEncoding = 4; lastKnownFileType = sourcecode.swift; path = Logger.swift; sourceTree = "<group>"; };
		47EF2E6623A8CFD600EF08D1 /* UtilBridge.m */ = {isa = PBXFileReference; fileEncoding = 4; lastKnownFileType = sourcecode.c.objc; path = UtilBridge.m; sourceTree = "<group>"; };
		47EF2E6723A8CFD600EF08D1 /* NativeLogger.h */ = {isa = PBXFileReference; fileEncoding = 4; lastKnownFileType = sourcecode.c.h; path = NativeLogger.h; sourceTree = "<group>"; };
		47EF2E6823A8CFD600EF08D1 /* Utils.swift */ = {isa = PBXFileReference; fileEncoding = 4; lastKnownFileType = sourcecode.swift; path = Utils.swift; sourceTree = "<group>"; };
		47EF2E6923A8CFD600EF08D1 /* LoggerBridge.m */ = {isa = PBXFileReference; fileEncoding = 4; lastKnownFileType = sourcecode.c.objc; path = LoggerBridge.m; sourceTree = "<group>"; };
		47EF2E6A23A8CFD600EF08D1 /* NativeLogger.m */ = {isa = PBXFileReference; fileEncoding = 4; lastKnownFileType = sourcecode.c.objc; path = NativeLogger.m; sourceTree = "<group>"; };
/* End PBXFileReference section */

/* Begin PBXFrameworksBuildPhase section */
		58B511D81A9E6C8500147676 /* Frameworks */ = {
			isa = PBXFrameworksBuildPhase;
			buildActionMask = 2147483647;
			files = (
			);
			runOnlyForDeploymentPostprocessing = 0;
		};
/* End PBXFrameworksBuildPhase section */

/* Begin PBXGroup section */
		134814211AA4EA7D00B7C361 /* Products */ = {
			isa = PBXGroup;
			children = (
				134814201AA4EA6300B7C361 /* libRNInputKit.a */,
			);
			name = Products;
			sourceTree = "<group>";
		};
		47AAB736239E96350041E986 /* RNInputKit */ = {
			isa = PBXGroup;
			children = (
				47EF2E5423A8CFD600EF08D1 /* Constants.swift */,
				47EF2E5623A8CFD600EF08D1 /* EventHandler */,
				47EF2E5B23A8CFD600EF08D1 /* Health */,
				47EF2E5523A8CFD600EF08D1 /* InputKitConstants.swift */,
				47EF2E6323A8CFD600EF08D1 /* Utils */,
				47AAB73D239E97AB0041E986 /* RNInputKit.h */,
				47AAB73E239E97B90041E986 /* RNInputKit.m */,
				4743BBD923A799F400C838F1 /* SwiftModule.swift */,
				4743BBD823A799F400C838F1 /* RNInputKit-Bridging-Header.h */,
				4743BBDB23A79ABB00C838F1 /* SwiftModule.m */,
			);
			path = RNInputKit;
			sourceTree = "<group>";
		};
		47EF2E5623A8CFD600EF08D1 /* EventHandler */ = {
			isa = PBXGroup;
			children = (
				47EF2E5723A8CFD600EF08D1 /* EventHandlerBridge.m */,
				47EF2E5823A8CFD600EF08D1 /* Event.swift */,
				47EF2E5923A8CFD600EF08D1 /* ShortCodeGenerator.swift */,
				47EF2E5A23A8CFD600EF08D1 /* EventHandlerBridge.swift */,
			);
			path = EventHandler;
			sourceTree = "<group>";
		};
		47EF2E5B23A8CFD600EF08D1 /* Health */ = {
			isa = PBXGroup;
			children = (
				47EF2E5C23A8CFD600EF08D1 /* HealthBridge.swift */,
				47EF2E5D23A8CFD600EF08D1 /* HealthBridge+Helper.swift */,
				47EF2E5E23A8CFD600EF08D1 /* HealthBridge+Query.swift */,
				47EF2E5F23A8CFD600EF08D1 /* HealthUtils.swift */,
				47EF2E6023A8CFD600EF08D1 /* HealthBridge+Background.swift */,
				47EF2E6123A8CFD600EF08D1 /* HealthBridge+Realtime.swift */,
				47EF2E6223A8CFD600EF08D1 /* HealthBridge.m */,
			);
			path = Health;
			sourceTree = "<group>";
		};
		47EF2E6323A8CFD600EF08D1 /* Utils */ = {
			isa = PBXGroup;
			children = (
				47EF2E6423A8CFD600EF08D1 /* Extentions.swift */,
				47EF2E6523A8CFD600EF08D1 /* Logger.swift */,
				47EF2E6623A8CFD600EF08D1 /* UtilBridge.m */,
				47EF2E6723A8CFD600EF08D1 /* NativeLogger.h */,
				47EF2E6823A8CFD600EF08D1 /* Utils.swift */,
				47EF2E6923A8CFD600EF08D1 /* LoggerBridge.m */,
				47EF2E6A23A8CFD600EF08D1 /* NativeLogger.m */,
			);
			path = Utils;
			sourceTree = "<group>";
		};
		58B511D21A9E6C8500147676 = {
			isa = PBXGroup;
			children = (
				47AAB736239E96350041E986 /* RNInputKit */,
				134814211AA4EA7D00B7C361 /* Products */,
			);
			sourceTree = "<group>";
		};
/* End PBXGroup section */

/* Begin PBXNativeTarget section */
		58B511DA1A9E6C8500147676 /* RNInputKit */ = {
			isa = PBXNativeTarget;
			buildConfigurationList = 58B511EF1A9E6C8500147676 /* Build configuration list for PBXNativeTarget "RNInputKit" */;
			buildPhases = (
				58B511D71A9E6C8500147676 /* Sources */,
				58B511D81A9E6C8500147676 /* Frameworks */,
				58B511D91A9E6C8500147676 /* CopyFiles */,
			);
			buildRules = (
			);
			dependencies = (
			);
			name = RNInputKit;
			productName = RCTDataManager;
			productReference = 134814201AA4EA6300B7C361 /* libRNInputKit.a */;
			productType = "com.apple.product-type.library.static";
		};
/* End PBXNativeTarget section */

/* Begin PBXProject section */
		58B511D31A9E6C8500147676 /* Project object */ = {
			isa = PBXProject;
			attributes = {
				LastUpgradeCheck = 0920;
				ORGANIZATIONNAME = Facebook;
				TargetAttributes = {
					58B511DA1A9E6C8500147676 = {
						CreatedOnToolsVersion = 6.1.1;
						LastSwiftMigration = 1120;
					};
				};
			};
			buildConfigurationList = 58B511D61A9E6C8500147676 /* Build configuration list for PBXProject "RNInputKit" */;
			compatibilityVersion = "Xcode 3.2";
			developmentRegion = English;
			hasScannedForEncodings = 0;
			knownRegions = (
				English,
				en,
			);
			mainGroup = 58B511D21A9E6C8500147676;
			productRefGroup = 58B511D21A9E6C8500147676;
			projectDirPath = "";
			projectRoot = "";
			targets = (
				58B511DA1A9E6C8500147676 /* RNInputKit */,
			);
		};
/* End PBXProject section */

/* Begin PBXSourcesBuildPhase section */
		58B511D71A9E6C8500147676 /* Sources */ = {
			isa = PBXSourcesBuildPhase;
			buildActionMask = 2147483647;
			files = (
				47EF2E7123A8CFD600EF08D1 /* HealthBridge.swift in Sources */,
				47EF2E6D23A8CFD600EF08D1 /* EventHandlerBridge.m in Sources */,
				47AAB73F239E97B90041E986 /* RNInputKit.m in Sources */,
				4743BBDC23A79ABB00C838F1 /* SwiftModule.m in Sources */,
				47EF2E7523A8CFD600EF08D1 /* HealthBridge+Background.swift in Sources */,
				4743BBDA23A799F400C838F1 /* SwiftModule.swift in Sources */,
				47EF2E6C23A8CFD600EF08D1 /* InputKitConstants.swift in Sources */,
				47EF2E6F23A8CFD600EF08D1 /* ShortCodeGenerator.swift in Sources */,
				47EF2E7823A8CFD600EF08D1 /* Extentions.swift in Sources */,
				47EF2E7223A8CFD600EF08D1 /* HealthBridge+Helper.swift in Sources */,
				47EF2E7023A8CFD600EF08D1 /* EventHandlerBridge.swift in Sources */,
				47EF2E6E23A8CFD600EF08D1 /* Event.swift in Sources */,
				47EF2E7A23A8CFD600EF08D1 /* UtilBridge.m in Sources */,
				47EF2E6B23A8CFD600EF08D1 /* Constants.swift in Sources */,
				47EF2E7D23A8CFD600EF08D1 /* NativeLogger.m in Sources */,
				47EF2E7923A8CFD600EF08D1 /* Logger.swift in Sources */,
				47EF2E7B23A8CFD600EF08D1 /* Utils.swift in Sources */,
				47EF2E7723A8CFD600EF08D1 /* HealthBridge.m in Sources */,
				47EF2E7323A8CFD600EF08D1 /* HealthBridge+Query.swift in Sources */,
				47EF2E7623A8CFD600EF08D1 /* HealthBridge+Realtime.swift in Sources */,
				47EF2E7C23A8CFD600EF08D1 /* LoggerBridge.m in Sources */,
				47EF2E7423A8CFD600EF08D1 /* HealthUtils.swift in Sources */,
			);
			runOnlyForDeploymentPostprocessing = 0;
		};
/* End PBXSourcesBuildPhase section */

/* Begin XCBuildConfiguration section */
		58B511ED1A9E6C8500147676 /* Debug */ = {
			isa = XCBuildConfiguration;
			buildSettings = {
				ALWAYS_SEARCH_USER_PATHS = NO;
				CLANG_CXX_LANGUAGE_STANDARD = "gnu++0x";
				CLANG_CXX_LIBRARY = "libc++";
				CLANG_ENABLE_MODULES = YES;
				CLANG_ENABLE_OBJC_ARC = YES;
				CLANG_WARN_BLOCK_CAPTURE_AUTORELEASING = YES;
				CLANG_WARN_BOOL_CONVERSION = YES;
				CLANG_WARN_COMMA = YES;
				CLANG_WARN_CONSTANT_CONVERSION = YES;
				CLANG_WARN_DIRECT_OBJC_ISA_USAGE = YES_ERROR;
				CLANG_WARN_EMPTY_BODY = YES;
				CLANG_WARN_ENUM_CONVERSION = YES;
				CLANG_WARN_INFINITE_RECURSION = YES;
				CLANG_WARN_INT_CONVERSION = YES;
				CLANG_WARN_NON_LITERAL_NULL_CONVERSION = YES;
				CLANG_WARN_OBJC_LITERAL_CONVERSION = YES;
				CLANG_WARN_OBJC_ROOT_CLASS = YES_ERROR;
				CLANG_WARN_RANGE_LOOP_ANALYSIS = YES;
				CLANG_WARN_STRICT_PROTOTYPES = YES;
				CLANG_WARN_SUSPICIOUS_MOVE = YES;
				CLANG_WARN_UNREACHABLE_CODE = YES;
				CLANG_WARN__DUPLICATE_METHOD_MATCH = YES;
				COPY_PHASE_STRIP = NO;
				ENABLE_STRICT_OBJC_MSGSEND = YES;
				ENABLE_TESTABILITY = YES;
				GCC_C_LANGUAGE_STANDARD = gnu99;
				GCC_DYNAMIC_NO_PIC = NO;
				GCC_NO_COMMON_BLOCKS = YES;
				GCC_OPTIMIZATION_LEVEL = 0;
				GCC_PREPROCESSOR_DEFINITIONS = (
					"DEBUG=1",
					"$(inherited)",
				);
				GCC_SYMBOLS_PRIVATE_EXTERN = NO;
				GCC_WARN_64_TO_32_BIT_CONVERSION = YES;
				GCC_WARN_ABOUT_RETURN_TYPE = YES_ERROR;
				GCC_WARN_UNDECLARED_SELECTOR = YES;
				GCC_WARN_UNINITIALIZED_AUTOS = YES_AGGRESSIVE;
				GCC_WARN_UNUSED_FUNCTION = YES;
				GCC_WARN_UNUSED_VARIABLE = YES;
				IPHONEOS_DEPLOYMENT_TARGET = 8.0;
				MTL_ENABLE_DEBUG_INFO = YES;
				ONLY_ACTIVE_ARCH = YES;
				SDKROOT = iphoneos;
			};
			name = Debug;
		};
		58B511EE1A9E6C8500147676 /* Release */ = {
			isa = XCBuildConfiguration;
			buildSettings = {
				ALWAYS_SEARCH_USER_PATHS = NO;
				CLANG_CXX_LANGUAGE_STANDARD = "gnu++0x";
				CLANG_CXX_LIBRARY = "libc++";
				CLANG_ENABLE_MODULES = YES;
				CLANG_ENABLE_OBJC_ARC = YES;
				CLANG_WARN_BLOCK_CAPTURE_AUTORELEASING = YES;
				CLANG_WARN_BOOL_CONVERSION = YES;
				CLANG_WARN_COMMA = YES;
				CLANG_WARN_CONSTANT_CONVERSION = YES;
				CLANG_WARN_DIRECT_OBJC_ISA_USAGE = YES_ERROR;
				CLANG_WARN_EMPTY_BODY = YES;
				CLANG_WARN_ENUM_CONVERSION = YES;
				CLANG_WARN_INFINITE_RECURSION = YES;
				CLANG_WARN_INT_CONVERSION = YES;
				CLANG_WARN_NON_LITERAL_NULL_CONVERSION = YES;
				CLANG_WARN_OBJC_LITERAL_CONVERSION = YES;
				CLANG_WARN_OBJC_ROOT_CLASS = YES_ERROR;
				CLANG_WARN_RANGE_LOOP_ANALYSIS = YES;
				CLANG_WARN_STRICT_PROTOTYPES = YES;
				CLANG_WARN_SUSPICIOUS_MOVE = YES;
				CLANG_WARN_UNREACHABLE_CODE = YES;
				CLANG_WARN__DUPLICATE_METHOD_MATCH = YES;
				COPY_PHASE_STRIP = YES;
				ENABLE_NS_ASSERTIONS = NO;
				ENABLE_STRICT_OBJC_MSGSEND = YES;
				GCC_C_LANGUAGE_STANDARD = gnu99;
				GCC_NO_COMMON_BLOCKS = YES;
				GCC_WARN_64_TO_32_BIT_CONVERSION = YES;
				GCC_WARN_ABOUT_RETURN_TYPE = YES_ERROR;
				GCC_WARN_UNDECLARED_SELECTOR = YES;
				GCC_WARN_UNINITIALIZED_AUTOS = YES_AGGRESSIVE;
				GCC_WARN_UNUSED_FUNCTION = YES;
				GCC_WARN_UNUSED_VARIABLE = YES;
				IPHONEOS_DEPLOYMENT_TARGET = 8.0;
				MTL_ENABLE_DEBUG_INFO = NO;
				SDKROOT = iphoneos;
				VALIDATE_PRODUCT = YES;
			};
			name = Release;
		};
		58B511F01A9E6C8500147676 /* Debug */ = {
			isa = XCBuildConfiguration;
			buildSettings = {
				CLANG_ENABLE_MODULES = YES;
				DEBUG_INFORMATION_FORMAT = dwarf;
				HEADER_SEARCH_PATHS = (
					"$(inherited)",
					/Applications/Xcode.app/Contents/Developer/Toolchains/XcodeDefault.xctoolchain/usr/include,
					"$(SRCROOT)/../../../React/**",
					"$(SRCROOT)/../../react-native/React/**",
				);
				LD_RUNPATH_SEARCH_PATHS = "$(inherited) @executable_path/Frameworks @loader_path/Frameworks";
				LIBRARY_SEARCH_PATHS = "$(inherited)";
				MTL_ENABLE_DEBUG_INFO = YES;
				OTHER_LDFLAGS = "-ObjC";
				PRODUCT_NAME = RNInputKit;
				SKIP_INSTALL = YES;
				SWIFT_OBJC_BRIDGING_HEADER = "RNInputKit/RNInputKit-Bridging-Header.h";
				SWIFT_OPTIMIZATION_LEVEL = "-Onone";
				SWIFT_VERSION = 5.0;
			};
			name = Debug;
		};
		58B511F11A9E6C8500147676 /* Release */ = {
			isa = XCBuildConfiguration;
			buildSettings = {
				CLANG_ENABLE_MODULES = YES;
				HEADER_SEARCH_PATHS = (
					"$(inherited)",
					/Applications/Xcode.app/Contents/Developer/Toolchains/XcodeDefault.xctoolchain/usr/include,
					"$(SRCROOT)/../../../React/**",
					"$(SRCROOT)/../../react-native/React/**",
				);
				LD_RUNPATH_SEARCH_PATHS = "$(inherited) @executable_path/Frameworks @loader_path/Frameworks";
				LIBRARY_SEARCH_PATHS = "$(inherited)";
				OTHER_LDFLAGS = "-ObjC";
				PRODUCT_NAME = RNInputKit;
				SKIP_INSTALL = YES;
				SWIFT_OBJC_BRIDGING_HEADER = "RNInputKit/RNInputKit-Bridging-Header.h";
				SWIFT_VERSION = 5.0;
			};
			name = Release;
		};
/* End XCBuildConfiguration section */

/* Begin XCConfigurationList section */
		58B511D61A9E6C8500147676 /* Build configuration list for PBXProject "RNInputKit" */ = {
			isa = XCConfigurationList;
			buildConfigurations = (
				58B511ED1A9E6C8500147676 /* Debug */,
				58B511EE1A9E6C8500147676 /* Release */,
			);
			defaultConfigurationIsVisible = 0;
			defaultConfigurationName = Release;
		};
		58B511EF1A9E6C8500147676 /* Build configuration list for PBXNativeTarget "RNInputKit" */ = {
			isa = XCConfigurationList;
			buildConfigurations = (
				58B511F01A9E6C8500147676 /* Debug */,
				58B511F11A9E6C8500147676 /* Release */,
			);
			defaultConfigurationIsVisible = 0;
			defaultConfigurationName = Release;
		};
/* End XCConfigurationList section */
	};
	rootObject = 58B511D31A9E6C8500147676 /* Project object */;
}
